
Microsoft Visual Studio Solution File, Format Version 12.00
# Visual Studio Version 17
VisualStudioVersion = 17.0.31903.59
MinimumVisualStudioVersion = 10.0.40219.1
Project("{2150E333-8FDC-42A3-9474-1A3956D46DE8}") = "src", "src", "{827E0CD3-B72D-47B6-A68D-7590B98EB39B}"
EndProject
Project("{FAE04EC0-301F-11D3-BF4B-00C04F79EFBC}") = "UrlShortener.Api", "src\UrlShortener.Api\UrlShortener.Api.csproj", "{08F9C885-7017-493A-90E6-B8C3B90F3C8A}"
EndProject
Project("{2150E333-8FDC-42A3-9474-1A3956D46DE8}") = "tests", "tests", "{0AB3BF05-4346-4AA6-1389-037BE0695223}"
EndProject
Project("{FAE04EC0-301F-11D3-BF4B-00C04F79EFBC}") = "UrlShortener.Api.Tests", "tests\UrlShortener.Api.Tests\UrlShortener.Api.Tests.csproj", "{B722C0EE-5D3B-4D88-B9DE-D234C3964D1C}"
EndProject
Global
	GlobalSection(SolutionConfigurationPlatforms) = preSolution
		Debug|Any CPU = Debug|Any CPU
		Debug|x64 = Debug|x64
		Debug|x86 = Debug|x86
		Release|Any CPU = Release|Any CPU
		Release|x64 = Release|x64
		Release|x86 = Release|x86
	EndGlobalSection
	GlobalSection(ProjectConfigurationPlatforms) = postSolution
		{08F9C885-7017-493A-90E6-B8C3B90F3C8A}.Debug|Any CPU.ActiveCfg = Debug|Any CPU
		{08F9C885-7017-493A-90E6-B8C3B90F3C8A}.Debug|Any CPU.Build.0 = Debug|Any CPU
		{08F9C885-7017-493A-90E6-B8C3B90F3C8A}.Debug|x64.ActiveCfg = Debug|Any CPU
		{08F9C885-7017-493A-90E6-B8C3B90F3C8A}.Debug|x64.Build.0 = Debug|Any CPU
		{08F9C885-7017-493A-90E6-B8C3B90F3C8A}.Debug|x86.ActiveCfg = Debug|Any CPU
		{08F9C885-7017-493A-90E6-B8C3B90F3C8A}.Debug|x86.Build.0 = Debug|Any CPU
		{08F9C885-7017-493A-90E6-B8C3B90F3C8A}.Release|Any CPU.ActiveCfg = Release|Any CPU
		{08F9C885-7017-493A-90E6-B8C3B90F3C8A}.Release|Any CPU.Build.0 = Release|Any CPU
		{08F9C885-7017-493A-90E6-B8C3B90F3C8A}.Release|x64.ActiveCfg = Release|Any CPU
		{08F9C885-7017-493A-90E6-B8C3B90F3C8A}.Release|x64.Build.0 = Release|Any CPU
		{08F9C885-7017-493A-90E6-B8C3B90F3C8A}.Release|x86.ActiveCfg = Release|Any CPU
		{08F9C885-7017-493A-90E6-B8C3B90F3C8A}.Release|x86.Build.0 = Release|Any CPU
		{B722C0EE-5D3B-4D88-B9DE-D234C3964D1C}.Debug|Any CPU.ActiveCfg = Debug|Any CPU
		{B722C0EE-5D3B-4D88-B9DE-D234C3964D1C}.Debug|Any CPU.Build.0 = Debug|Any CPU
		{B722C0EE-5D3B-4D88-B9DE-D234C3964D1C}.Debug|x64.ActiveCfg = Debug|Any CPU
		{B722C0EE-5D3B-4D88-B9DE-D234C3964D1C}.Debug|x64.Build.0 = Debug|Any CPU
		{B722C0EE-5D3B-4D88-B9DE-D234C3964D1C}.Debug|x86.ActiveCfg = Debug|Any CPU
		{B722C0EE-5D3B-4D88-B9DE-D234C3964D1C}.Debug|x86.Build.0 = Debug|Any CPU
		{B722C0EE-5D3B-4D88-B9DE-D234C3964D1C}.Release|Any CPU.ActiveCfg = Release|Any CPU
		{B722C0EE-5D3B-4D88-B9DE-D234C3964D1C}.Release|Any CPU.Build.0 = Release|Any CPU
		{B722C0EE-5D3B-4D88-B9DE-D234C3964D1C}.Release|x64.ActiveCfg = Release|Any CPU
		{B722C0EE-5D3B-4D88-B9DE-D234C3964D1C}.Release|x64.Build.0 = Release|Any CPU
		{B722C0EE-5D3B-4D88-B9DE-D234C3964D1C}.Release|x86.ActiveCfg = Release|Any CPU
		{B722C0EE-5D3B-4D88-B9DE-D234C3964D1C}.Release|x86.Build.0 = Release|Any CPU
	EndGlobalSection
	GlobalSection(SolutionProperties) = preSolution
		HideSolutionNode = FALSE
	EndGlobalSection
	GlobalSection(NestedProjects) = preSolution
		{08F9C885-7017-493A-90E6-B8C3B90F3C8A} = {827E0CD3-B72D-47B6-A68D-7590B98EB39B}
		{B722C0EE-5D3B-4D88-B9DE-D234C3964D1C} = {0AB3BF05-4346-4AA6-1389-037BE0695223}
	EndGlobalSection
EndGlobal
